
Microsoft Visual Studio Solution File, Format Version 12.00
# Visual Studio Version 16
VisualStudioVersion = 16.0.30114.105
MinimumVisualStudioVersion = 10.0.40219.1
Project("{9A19103F-16F7-4668-BE54-9A1E7A4F7556}") = "StepFly", "src\StepFly\StepFly.csproj", "{128AFF3D-A2C4-4B15-A4DE-3ED288911749}"
EndProject
Project("{2150E333-8FDC-42A3-9474-1A3956D46DE8}") = "Solution Items", "Solution Items", "{39D4FA6A-195F-4071-8EE8-EDB6460F5E12}"
	ProjectSection(SolutionItems) = preProject
		data\lexin data.txt = data\lexin data.txt
	EndProjectSection
EndProject
Global
	GlobalSection(SolutionConfigurationPlatforms) = preSolution
		Debug|Any CPU = Debug|Any CPU
		Release|Any CPU = Release|Any CPU
	EndGlobalSection
	GlobalSection(ProjectConfigurationPlatforms) = postSolution
		{128AFF3D-A2C4-4B15-A4DE-3ED288911749}.Debug|Any CPU.ActiveCfg = Debug|Any CPU
		{128AFF3D-A2C4-4B15-A4DE-3ED288911749}.Debug|Any CPU.Build.0 = Debug|Any CPU
		{128AFF3D-A2C4-4B15-A4DE-3ED288911749}.Release|Any CPU.ActiveCfg = Release|Any CPU
		{128AFF3D-A2C4-4B15-A4DE-3ED288911749}.Release|Any CPU.Build.0 = Release|Any CPU
	EndGlobalSection
	GlobalSection(SolutionProperties) = preSolution
		HideSolutionNode = FALSE
	EndGlobalSection
	GlobalSection(ExtensibilityGlobals) = postSolution
		SolutionGuid = {2CB9EAE8-A4A2-41FE-A514-935BC7C7CF55}
	EndGlobalSection
EndGlobal
